
Microsoft Visual Studio Solution File, Format Version 12.00
# Visual Studio Version 17
VisualStudioVersion = 17.7.34031.279
MinimumVisualStudioVersion = 10.0.40219.1
Project("{FAE04EC0-301F-11D3-BF4B-00C04F79EFBC}") = "CrudDevs.Api", "CrudDevs.Api\CrudDevs.Api.csproj", "{5B30D044-3E03-4FFA-B7FF-408890076CB6}"
EndProject
Project("{2150E333-8FDC-42A3-9474-1A3956D46DE8}") = "1 - Application", "1 - Application", "{5A6DE090-8FEB-4AA9-A628-D9617761F5C7}"
EndProject
Project("{2150E333-8FDC-42A3-9474-1A3956D46DE8}") = "2 - Domain", "2 - Domain", "{C8F61643-341C-46B7-B3BA-C891169E6ABB}"
EndProject
Project("{2150E333-8FDC-42A3-9474-1A3956D46DE8}") = "3 - Service", "3 - Service", "{E54B25EC-7659-4E31-8292-E15BA9D426CB}"
EndProject
Project("{2150E333-8FDC-42A3-9474-1A3956D46DE8}") = "4 - Infra", "4 - Infra", "{D9A5F6E2-A937-4848-BC71-5BAF1E2A9191}"
EndProject
Project("{2150E333-8FDC-42A3-9474-1A3956D46DE8}") = "5 - Tests", "5 - Tests", "{CFD749FE-5B93-49F8-B166-7CC2D76A4F92}"
EndProject
Project("{2150E333-8FDC-42A3-9474-1A3956D46DE8}") = "Data", "Data", "{EA55AC40-464B-4F9C-9493-CED9F300FEF2}"
EndProject
Project("{2150E333-8FDC-42A3-9474-1A3956D46DE8}") = "CrossCuting", "CrossCuting", "{D46193C7-06C5-4674-A6C4-959FAD6AF0F5}"
EndProject
Project("{FAE04EC0-301F-11D3-BF4B-00C04F79EFBC}") = "Tests", "Tests\Tests.csproj", "{9B194A9D-3C6B-412E-9074-D9FD9ED5F19F}"
EndProject
Global
	GlobalSection(SolutionConfigurationPlatforms) = preSolution
		Debug|Any CPU = Debug|Any CPU
		Release|Any CPU = Release|Any CPU
	EndGlobalSection
	GlobalSection(ProjectConfigurationPlatforms) = postSolution
		{5B30D044-3E03-4FFA-B7FF-408890076CB6}.Debug|Any CPU.ActiveCfg = Debug|Any CPU
		{5B30D044-3E03-4FFA-B7FF-408890076CB6}.Debug|Any CPU.Build.0 = Debug|Any CPU
		{5B30D044-3E03-4FFA-B7FF-408890076CB6}.Release|Any CPU.ActiveCfg = Release|Any CPU
		{5B30D044-3E03-4FFA-B7FF-408890076CB6}.Release|Any CPU.Build.0 = Release|Any CPU
		{9B194A9D-3C6B-412E-9074-D9FD9ED5F19F}.Debug|Any CPU.ActiveCfg = Debug|Any CPU
		{9B194A9D-3C6B-412E-9074-D9FD9ED5F19F}.Debug|Any CPU.Build.0 = Debug|Any CPU
		{9B194A9D-3C6B-412E-9074-D9FD9ED5F19F}.Release|Any CPU.ActiveCfg = Release|Any CPU
		{9B194A9D-3C6B-412E-9074-D9FD9ED5F19F}.Release|Any CPU.Build.0 = Release|Any CPU
	EndGlobalSection
	GlobalSection(SolutionProperties) = preSolution
		HideSolutionNode = FALSE
	EndGlobalSection
	GlobalSection(NestedProjects) = preSolution
		{5B30D044-3E03-4FFA-B7FF-408890076CB6} = {5A6DE090-8FEB-4AA9-A628-D9617761F5C7}
		{EA55AC40-464B-4F9C-9493-CED9F300FEF2} = {D9A5F6E2-A937-4848-BC71-5BAF1E2A9191}
		{D46193C7-06C5-4674-A6C4-959FAD6AF0F5} = {D9A5F6E2-A937-4848-BC71-5BAF1E2A9191}
		{9B194A9D-3C6B-412E-9074-D9FD9ED5F19F} = {CFD749FE-5B93-49F8-B166-7CC2D76A4F92}
	EndGlobalSection
	GlobalSection(ExtensibilityGlobals) = postSolution
		SolutionGuid = {45B5F367-EBC0-4AA0-9175-90764F80798B}
	EndGlobalSection
EndGlobal
